
Microsoft Visual Studio Solution File, Format Version 12.00
# Visual Studio 15
VisualStudioVersion = 15.0.28010.2036
MinimumVisualStudioVersion = 10.0.40219.1
Project("{FAE04EC0-301F-11D3-BF4B-00C04F79EFBC}") = "SIS.HTTP", "SIS.HTTP\SIS.HTTP.csproj", "{87E4D4EE-EE25-473A-9743-292284920DDB}"
EndProject
Project("{FAE04EC0-301F-11D3-BF4B-00C04F79EFBC}") = "SIS.WebServer", "SIS.WebServer\SIS.WebServer.csproj", "{FA5865DD-8990-4A01-AEE6-4AAB1CE36C59}"
EndProject
Project("{FAE04EC0-301F-11D3-BF4B-00C04F79EFBC}") = "SIS.Demo", "SIS.Demo\SIS.Demo.csproj", "{86FFD4AB-DCEC-4E3F-ABF5-807CF9F77C4B}"
EndProject
Global
	GlobalSection(SolutionConfigurationPlatforms) = preSolution
		Debug|Any CPU = Debug|Any CPU
		Release|Any CPU = Release|Any CPU
	EndGlobalSection
	GlobalSection(ProjectConfigurationPlatforms) = postSolution
		{87E4D4EE-EE25-473A-9743-292284920DDB}.Debug|Any CPU.ActiveCfg = Debug|Any CPU
		{87E4D4EE-EE25-473A-9743-292284920DDB}.Debug|Any CPU.Build.0 = Debug|Any CPU
		{87E4D4EE-EE25-473A-9743-292284920DDB}.Release|Any CPU.ActiveCfg = Release|Any CPU
		{87E4D4EE-EE25-473A-9743-292284920DDB}.Release|Any CPU.Build.0 = Release|Any CPU
		{FA5865DD-8990-4A01-AEE6-4AAB1CE36C59}.Debug|Any CPU.ActiveCfg = Debug|Any CPU
		{FA5865DD-8990-4A01-AEE6-4AAB1CE36C59}.Debug|Any CPU.Build.0 = Debug|Any CPU
		{FA5865DD-8990-4A01-AEE6-4AAB1CE36C59}.Release|Any CPU.ActiveCfg = Release|Any CPU
		{FA5865DD-8990-4A01-AEE6-4AAB1CE36C59}.Release|Any CPU.Build.0 = Release|Any CPU
		{86FFD4AB-DCEC-4E3F-ABF5-807CF9F77C4B}.Debug|Any CPU.ActiveCfg = Debug|Any CPU
		{86FFD4AB-DCEC-4E3F-ABF5-807CF9F77C4B}.Debug|Any CPU.Build.0 = Debug|Any CPU
		{86FFD4AB-DCEC-4E3F-ABF5-807CF9F77C4B}.Release|Any CPU.ActiveCfg = Release|Any CPU
		{86FFD4AB-DCEC-4E3F-ABF5-807CF9F77C4B}.Release|Any CPU.Build.0 = Release|Any CPU
	EndGlobalSection
	GlobalSection(SolutionProperties) = preSolution
		HideSolutionNode = FALSE
	EndGlobalSection
	GlobalSection(ExtensibilityGlobals) = postSolution
		SolutionGuid = {5EB8BBB7-F400-4662-98C4-D1E8B46DE2C1}
	EndGlobalSection
EndGlobal
